
Microsoft Visual Studio Solution File, Format Version 12.00
# Visual Studio Version 16
VisualStudioVersion = 16.0.29324.140
MinimumVisualStudioVersion = 10.0.40219.1
Project("{2150E333-8FDC-42A3-9474-1A3956D46DE8}") = "Solution Items", "Solution Items", "{A219E328-B15A-41FF-BAA5-5F46679EF9C8}"
	ProjectSection(SolutionItems) = preProject
		.editorconfig = .editorconfig
		.gitattributes = .gitattributes
		.gitignore = .gitignore
		build.ps1 = build.ps1
		.github\workflows\build.yaml = .github\workflows\build.yaml
		conformance\ConformanceApi.fsd = conformance\ConformanceApi.fsd
		conformance\ConformanceTests.json = conformance\ConformanceTests.json
		Directory.Build.props = Directory.Build.props
		LICENSE = LICENSE
		nuget.config = nuget.config
		README.md = README.md
		ReleaseNotes.md = ReleaseNotes.md
	EndProjectSection
EndProject
Project("{9A19103F-16F7-4668-BE54-9A1E7A4F7556}") = "Facility.CodeGen.AspNet", "src\Facility.CodeGen.AspNet\Facility.CodeGen.AspNet.csproj", "{6E4FEE8C-A8EC-4470-816C-ED96DB08D884}"
EndProject
Project("{9A19103F-16F7-4668-BE54-9A1E7A4F7556}") = "fsdgenaspnet", "src\fsdgenaspnet\fsdgenaspnet.csproj", "{400C9804-B95F-4285-9E0B-17DE5B13165D}"
EndProject
Project("{9A19103F-16F7-4668-BE54-9A1E7A4F7556}") = "Facility.CodeGen.AspNet.UnitTests", "tests\Facility.CodeGen.AspNet.UnitTests\Facility.CodeGen.AspNet.UnitTests.csproj", "{7C1E2BF3-E09F-453B-9AAF-3B6D3C713106}"
EndProject
Project("{9A19103F-16F7-4668-BE54-9A1E7A4F7556}") = "Build", "tools\Build\Build.csproj", "{17E62090-1E22-476E-8D36-58FDF6A5B94C}"
EndProject
Project("{9A19103F-16F7-4668-BE54-9A1E7A4F7556}") = "WebApiControllerServer", "conformance\WebApiControllerServer\WebApiControllerServer.csproj", "{E3B258F9-7277-4987-871D-D8A2EF09CC57}"
EndProject
Project("{9A19103F-16F7-4668-BE54-9A1E7A4F7556}") = "WebApiMiddlewareServer", "conformance\WebApiMiddlewareServer\WebApiMiddlewareServer.csproj", "{08EEFFD0-D7C8-4020-8D8B-C78DDE36A7B3}"
EndProject
Project("{9A19103F-16F7-4668-BE54-9A1E7A4F7556}") = "CoreWebApiShimServer", "conformance\CoreWebApiShimServer\CoreWebApiShimServer.csproj", "{1D18D8D8-E9CD-4B68-918C-D14E31BBB622}"
EndProject
Project("{9A19103F-16F7-4668-BE54-9A1E7A4F7556}") = "CoreControllerServer", "conformance\CoreControllerServer\CoreControllerServer.csproj", "{70FF12AC-61E4-47E7-8469-44894E6D22ED}"
EndProject
Project("{9A19103F-16F7-4668-BE54-9A1E7A4F7556}") = "CoreMiddlewareServer", "conformance\CoreMiddlewareServer\CoreMiddlewareServer.csproj", "{BE1850DC-912B-40C5-84BE-55058C0C6930}"
EndProject
Project("{9A19103F-16F7-4668-BE54-9A1E7A4F7556}") = "Facility.AspNetCore", "src\Facility.AspNetCore\Facility.AspNetCore.csproj", "{17013924-0881-4667-A721-A2E2F8F6DC33}"
EndProject
Project("{9A19103F-16F7-4668-BE54-9A1E7A4F7556}") = "XmlDocGen", "tools\XmlDocGen\XmlDocGen.csproj", "{AF476F6C-7F60-4DBD-9C9B-99E0BF76D061}"
EndProject
Global
	GlobalSection(SolutionConfigurationPlatforms) = preSolution
		Debug|Any CPU = Debug|Any CPU
		Release|Any CPU = Release|Any CPU
	EndGlobalSection
	GlobalSection(ProjectConfigurationPlatforms) = postSolution
		{6E4FEE8C-A8EC-4470-816C-ED96DB08D884}.Debug|Any CPU.ActiveCfg = Debug|Any CPU
		{6E4FEE8C-A8EC-4470-816C-ED96DB08D884}.Debug|Any CPU.Build.0 = Debug|Any CPU
		{6E4FEE8C-A8EC-4470-816C-ED96DB08D884}.Release|Any CPU.ActiveCfg = Release|Any CPU
		{6E4FEE8C-A8EC-4470-816C-ED96DB08D884}.Release|Any CPU.Build.0 = Release|Any CPU
		{400C9804-B95F-4285-9E0B-17DE5B13165D}.Debug|Any CPU.ActiveCfg = Debug|Any CPU
		{400C9804-B95F-4285-9E0B-17DE5B13165D}.Debug|Any CPU.Build.0 = Debug|Any CPU
		{400C9804-B95F-4285-9E0B-17DE5B13165D}.Release|Any CPU.ActiveCfg = Release|Any CPU
		{400C9804-B95F-4285-9E0B-17DE5B13165D}.Release|Any CPU.Build.0 = Release|Any CPU
		{7C1E2BF3-E09F-453B-9AAF-3B6D3C713106}.Debug|Any CPU.ActiveCfg = Debug|Any CPU
		{7C1E2BF3-E09F-453B-9AAF-3B6D3C713106}.Debug|Any CPU.Build.0 = Debug|Any CPU
		{7C1E2BF3-E09F-453B-9AAF-3B6D3C713106}.Release|Any CPU.ActiveCfg = Release|Any CPU
		{7C1E2BF3-E09F-453B-9AAF-3B6D3C713106}.Release|Any CPU.Build.0 = Release|Any CPU
		{17E62090-1E22-476E-8D36-58FDF6A5B94C}.Debug|Any CPU.ActiveCfg = Debug|Any CPU
		{17E62090-1E22-476E-8D36-58FDF6A5B94C}.Debug|Any CPU.Build.0 = Debug|Any CPU
		{17E62090-1E22-476E-8D36-58FDF6A5B94C}.Release|Any CPU.ActiveCfg = Release|Any CPU
		{17E62090-1E22-476E-8D36-58FDF6A5B94C}.Release|Any CPU.Build.0 = Release|Any CPU
		{E3B258F9-7277-4987-871D-D8A2EF09CC57}.Debug|Any CPU.ActiveCfg = Debug|Any CPU
		{E3B258F9-7277-4987-871D-D8A2EF09CC57}.Debug|Any CPU.Build.0 = Debug|Any CPU
		{E3B258F9-7277-4987-871D-D8A2EF09CC57}.Release|Any CPU.ActiveCfg = Release|Any CPU
		{E3B258F9-7277-4987-871D-D8A2EF09CC57}.Release|Any CPU.Build.0 = Release|Any CPU
		{08EEFFD0-D7C8-4020-8D8B-C78DDE36A7B3}.Debug|Any CPU.ActiveCfg = Debug|Any CPU
		{08EEFFD0-D7C8-4020-8D8B-C78DDE36A7B3}.Debug|Any CPU.Build.0 = Debug|Any CPU
		{08EEFFD0-D7C8-4020-8D8B-C78DDE36A7B3}.Release|Any CPU.ActiveCfg = Release|Any CPU
		{08EEFFD0-D7C8-4020-8D8B-C78DDE36A7B3}.Release|Any CPU.Build.0 = Release|Any CPU
		{1D18D8D8-E9CD-4B68-918C-D14E31BBB622}.Debug|Any CPU.ActiveCfg = Debug|Any CPU
		{1D18D8D8-E9CD-4B68-918C-D14E31BBB622}.Debug|Any CPU.Build.0 = Debug|Any CPU
		{1D18D8D8-E9CD-4B68-918C-D14E31BBB622}.Release|Any CPU.ActiveCfg = Release|Any CPU
		{1D18D8D8-E9CD-4B68-918C-D14E31BBB622}.Release|Any CPU.Build.0 = Release|Any CPU
		{70FF12AC-61E4-47E7-8469-44894E6D22ED}.Debug|Any CPU.ActiveCfg = Debug|Any CPU
		{70FF12AC-61E4-47E7-8469-44894E6D22ED}.Debug|Any CPU.Build.0 = Debug|Any CPU
		{70FF12AC-61E4-47E7-8469-44894E6D22ED}.Release|Any CPU.ActiveCfg = Release|Any CPU
		{70FF12AC-61E4-47E7-8469-44894E6D22ED}.Release|Any CPU.Build.0 = Release|Any CPU
		{BE1850DC-912B-40C5-84BE-55058C0C6930}.Debug|Any CPU.ActiveCfg = Debug|Any CPU
		{BE1850DC-912B-40C5-84BE-55058C0C6930}.Debug|Any CPU.Build.0 = Debug|Any CPU
		{BE1850DC-912B-40C5-84BE-55058C0C6930}.Release|Any CPU.ActiveCfg = Release|Any CPU
		{BE1850DC-912B-40C5-84BE-55058C0C6930}.Release|Any CPU.Build.0 = Release|Any CPU
		{17013924-0881-4667-A721-A2E2F8F6DC33}.Debug|Any CPU.ActiveCfg = Debug|Any CPU
		{17013924-0881-4667-A721-A2E2F8F6DC33}.Debug|Any CPU.Build.0 = Debug|Any CPU
		{17013924-0881-4667-A721-A2E2F8F6DC33}.Release|Any CPU.ActiveCfg = Release|Any CPU
		{17013924-0881-4667-A721-A2E2F8F6DC33}.Release|Any CPU.Build.0 = Release|Any CPU
		{AF476F6C-7F60-4DBD-9C9B-99E0BF76D061}.Debug|Any CPU.ActiveCfg = Debug|Any CPU
		{AF476F6C-7F60-4DBD-9C9B-99E0BF76D061}.Debug|Any CPU.Build.0 = Debug|Any CPU
		{AF476F6C-7F60-4DBD-9C9B-99E0BF76D061}.Release|Any CPU.ActiveCfg = Release|Any CPU
		{AF476F6C-7F60-4DBD-9C9B-99E0BF76D061}.Release|Any CPU.Build.0 = Release|Any CPU
	EndGlobalSection
	GlobalSection(SolutionProperties) = preSolution
		HideSolutionNode = FALSE
	EndGlobalSection
	GlobalSection(ExtensibilityGlobals) = postSolution
		SolutionGuid = {1F4B8E98-2AE0-4191-86AE-28F3FE05E9A5}
	EndGlobalSection
EndGlobal
