
Microsoft Visual Studio Solution File, Format Version 12.00
# Visual Studio 15
VisualStudioVersion = 15.0.27130.2036
MinimumVisualStudioVersion = 10.0.40219.1
Project("{2150E333-8FDC-42A3-9474-1A3956D46DE8}") = "Solution Items", "Solution Items", "{A219E328-B15A-41FF-BAA5-5F46679EF9C8}"
	ProjectSection(SolutionItems) = preProject
		.editorconfig = .editorconfig
		.gitattributes = .gitattributes
		.gitignore = .gitignore
		appveyor.yml = appveyor.yml
		build.sh = build.sh
		CONTRIBUTING.md = CONTRIBUTING.md
		LICENSE = LICENSE
		README.md = README.md
		VersionHistory.md = VersionHistory.md
	EndProjectSection
EndProject
Project("{9A19103F-16F7-4668-BE54-9A1E7A4F7556}") = "Facility.CodeGen.AspNet", "src\Facility.CodeGen.AspNet\Facility.CodeGen.AspNet.csproj", "{6E4FEE8C-A8EC-4470-816C-ED96DB08D884}"
EndProject
Project("{9A19103F-16F7-4668-BE54-9A1E7A4F7556}") = "fsdgenaspnet", "src\fsdgenaspnet\fsdgenaspnet.csproj", "{400C9804-B95F-4285-9E0B-17DE5B13165D}"
EndProject
Project("{9A19103F-16F7-4668-BE54-9A1E7A4F7556}") = "Facility.CodeGen.AspNet.UnitTests", "tests\Facility.CodeGen.AspNet.UnitTests\Facility.CodeGen.AspNet.UnitTests.csproj", "{7C1E2BF3-E09F-453B-9AAF-3B6D3C713106}"
EndProject
Project("{2150E333-8FDC-42A3-9474-1A3956D46DE8}") = "tools", "tools", "{6D109A04-AF8D-4C1C-81C9-5E0BE755CD80}"
	ProjectSection(SolutionItems) = preProject
		tools\Directory.Build.props = tools\Directory.Build.props
	EndProjectSection
EndProject
Project("{2150E333-8FDC-42A3-9474-1A3956D46DE8}") = "tests", "tests", "{AD807871-81A0-4582-A9B5-61F38D51DE0C}"
	ProjectSection(SolutionItems) = preProject
		tests\Directory.Build.props = tests\Directory.Build.props
	EndProjectSection
EndProject
Project("{2150E333-8FDC-42A3-9474-1A3956D46DE8}") = "src", "src", "{4119B6CE-7DCC-4554-846F-176407A2ACEE}"
	ProjectSection(SolutionItems) = preProject
		src\Directory.Build.props = src\Directory.Build.props
	EndProjectSection
EndProject
Project("{9A19103F-16F7-4668-BE54-9A1E7A4F7556}") = "Build", "tools\Build\Build.csproj", "{17E62090-1E22-476E-8D36-58FDF6A5B94C}"
EndProject
Project("{9A19103F-16F7-4668-BE54-9A1E7A4F7556}") = "WebApiControllerServer", "conformance\WebApiControllerServer\WebApiControllerServer.csproj", "{E3B258F9-7277-4987-871D-D8A2EF09CC57}"
EndProject
Project("{2150E333-8FDC-42A3-9474-1A3956D46DE8}") = "conformance", "conformance", "{947D546C-7929-44BF-AF60-E0AB781E31DA}"
	ProjectSection(SolutionItems) = preProject
		conformance\ConformanceApi.fsd = conformance\ConformanceApi.fsd
		conformance\ConformanceTests.json = conformance\ConformanceTests.json
	EndProjectSection
EndProject
Project("{9A19103F-16F7-4668-BE54-9A1E7A4F7556}") = "WebApiMiddlewareServer", "conformance\WebApiMiddlewareServer\WebApiMiddlewareServer.csproj", "{08EEFFD0-D7C8-4020-8D8B-C78DDE36A7B3}"
EndProject
Global
	GlobalSection(SolutionConfigurationPlatforms) = preSolution
		Debug|Any CPU = Debug|Any CPU
		Release|Any CPU = Release|Any CPU
	EndGlobalSection
	GlobalSection(ProjectConfigurationPlatforms) = postSolution
		{6E4FEE8C-A8EC-4470-816C-ED96DB08D884}.Debug|Any CPU.ActiveCfg = Debug|Any CPU
		{6E4FEE8C-A8EC-4470-816C-ED96DB08D884}.Debug|Any CPU.Build.0 = Debug|Any CPU
		{6E4FEE8C-A8EC-4470-816C-ED96DB08D884}.Release|Any CPU.ActiveCfg = Release|Any CPU
		{6E4FEE8C-A8EC-4470-816C-ED96DB08D884}.Release|Any CPU.Build.0 = Release|Any CPU
		{400C9804-B95F-4285-9E0B-17DE5B13165D}.Debug|Any CPU.ActiveCfg = Debug|Any CPU
		{400C9804-B95F-4285-9E0B-17DE5B13165D}.Debug|Any CPU.Build.0 = Debug|Any CPU
		{400C9804-B95F-4285-9E0B-17DE5B13165D}.Release|Any CPU.ActiveCfg = Release|Any CPU
		{400C9804-B95F-4285-9E0B-17DE5B13165D}.Release|Any CPU.Build.0 = Release|Any CPU
		{7C1E2BF3-E09F-453B-9AAF-3B6D3C713106}.Debug|Any CPU.ActiveCfg = Debug|Any CPU
		{7C1E2BF3-E09F-453B-9AAF-3B6D3C713106}.Debug|Any CPU.Build.0 = Debug|Any CPU
		{7C1E2BF3-E09F-453B-9AAF-3B6D3C713106}.Release|Any CPU.ActiveCfg = Release|Any CPU
		{7C1E2BF3-E09F-453B-9AAF-3B6D3C713106}.Release|Any CPU.Build.0 = Release|Any CPU
		{17E62090-1E22-476E-8D36-58FDF6A5B94C}.Debug|Any CPU.ActiveCfg = Debug|Any CPU
		{17E62090-1E22-476E-8D36-58FDF6A5B94C}.Debug|Any CPU.Build.0 = Debug|Any CPU
		{17E62090-1E22-476E-8D36-58FDF6A5B94C}.Release|Any CPU.ActiveCfg = Release|Any CPU
		{17E62090-1E22-476E-8D36-58FDF6A5B94C}.Release|Any CPU.Build.0 = Release|Any CPU
		{E3B258F9-7277-4987-871D-D8A2EF09CC57}.Debug|Any CPU.ActiveCfg = Debug|Any CPU
		{E3B258F9-7277-4987-871D-D8A2EF09CC57}.Debug|Any CPU.Build.0 = Debug|Any CPU
		{E3B258F9-7277-4987-871D-D8A2EF09CC57}.Release|Any CPU.ActiveCfg = Release|Any CPU
		{E3B258F9-7277-4987-871D-D8A2EF09CC57}.Release|Any CPU.Build.0 = Release|Any CPU
		{08EEFFD0-D7C8-4020-8D8B-C78DDE36A7B3}.Debug|Any CPU.ActiveCfg = Debug|Any CPU
		{08EEFFD0-D7C8-4020-8D8B-C78DDE36A7B3}.Debug|Any CPU.Build.0 = Debug|Any CPU
		{08EEFFD0-D7C8-4020-8D8B-C78DDE36A7B3}.Release|Any CPU.ActiveCfg = Release|Any CPU
		{08EEFFD0-D7C8-4020-8D8B-C78DDE36A7B3}.Release|Any CPU.Build.0 = Release|Any CPU
	EndGlobalSection
	GlobalSection(SolutionProperties) = preSolution
		HideSolutionNode = FALSE
	EndGlobalSection
	GlobalSection(NestedProjects) = preSolution
		{6D109A04-AF8D-4C1C-81C9-5E0BE755CD80} = {A219E328-B15A-41FF-BAA5-5F46679EF9C8}
		{AD807871-81A0-4582-A9B5-61F38D51DE0C} = {A219E328-B15A-41FF-BAA5-5F46679EF9C8}
		{4119B6CE-7DCC-4554-846F-176407A2ACEE} = {A219E328-B15A-41FF-BAA5-5F46679EF9C8}
		{947D546C-7929-44BF-AF60-E0AB781E31DA} = {A219E328-B15A-41FF-BAA5-5F46679EF9C8}
	EndGlobalSection
	GlobalSection(ExtensibilityGlobals) = postSolution
		SolutionGuid = {1F4B8E98-2AE0-4191-86AE-28F3FE05E9A5}
	EndGlobalSection
EndGlobal
