<Solution>
  <Project Path="conformance/CoreControllerServer/CoreControllerServer.csproj" />
  <Project Path="conformance/CoreMiddlewareServer/CoreMiddlewareServer.csproj" />
  <Project Path="conformance/WebApiControllerServer/WebApiControllerServer.csproj" />
  <Project Path="conformance/WebApiMiddlewareServer/WebApiMiddlewareServer.csproj" />
  <Project Path="src/Facility.AspNetCore/Facility.AspNetCore.csproj" />
  <Project Path="src/Facility.CodeGen.AspNet/Facility.CodeGen.AspNet.csproj" />
  <Project Path="src/fsdgenaspnet/fsdgenaspnet.csproj" />
  <Project Path="tests/Facility.CodeGen.AspNet.UnitTests/Facility.CodeGen.AspNet.UnitTests.csproj" />
  <Project Path="tools/Build/Build.csproj" />
</Solution>
